{
  "name": "docs",
  "version": "0.0.0",
  "lockfileVersion": 3,
  "requires": true,
  "packages": {
    "": {
      "name": "docs",
      "version": "0.0.0",
      "dependencies": {
        "@docusaurus/core": "3.5.2",
        "@docusaurus/preset-classic": "3.5.2",
        "@docusaurus/theme-mermaid": "^3.5.2",
        "@jup-ag/wallet-adapter": "0.2.2",
        "@mdx-js/react": "^3.0.0",
        "@solana/wallet-adapter-backpack": "^0.1.14",
        "@solana/wallet-adapter-nightly": "^0.1.16",
        "@solana/wallet-adapter-phantom": "^0.9.24",
        "@solana/wallet-adapter-solflare": "^0.6.28",
        "@solana/wallet-adapter-unsafe-burner": "^0.1.7",
        "@solana/wallet-adapter-wallets": "^0.19.32",
        "@solana/web3.js": "1.98",
        "bs58": "^6.0.0",
        "clsx": "^2.0.0",
        "gsap": "^3.12.5",
        "prism-react-renderer": "^2.3.0",
        "react": "^18.0.0",
        "react-dom": "^18.0.0"
      },
      "devDependencies": {
        "@babel/plugin-syntax-bigint": "^7.8.3",
        "@docusaurus/module-type-aliases": "3.5.2",
        "@docusaurus/tsconfig": "3.5.2",
        "@docusaurus/types": "3.5.2",
        "typescript": "~5.5.2"
      },
      "engines": {
        "node": ">=18.0"
      }
    },
    "../node_modules/.pnpm/@babel+plugin-syntax-bigint@7.8.3_@babel+core@7.24.4/node_modules/@babel/plugin-syntax-bigint": {
      "version": "7.8.3",
      "dev": true,
      "license": "MIT",
      "dependencies": {
        "@babel/helper-plugin-utils": "^7.8.0"
      },
      "devDependencies": {
        "@babel/core": "^7.8.0"
      },
      "peerDependencies": {
        "@babel/core": "^7.0.0-0"
      }
    },
    "../node_modules/.pnpm/@docusaurus+core@3.5.2_@docusaurus+types@3.5.2_react-dom@18.3.1_react@18.3.1__react@18._53c8af614937bdd08f4436ae3ed25ac6/node_modules/@docusaurus/core": {
      "version": "3.5.2",
      "license": "MIT",
      "dependencies": {
        "@babel/core": "^7.23.3",
        "@babel/generator": "^7.23.3",
        "@babel/plugin-syntax-dynamic-import": "^7.8.3",
        "@babel/plugin-transform-runtime": "^7.22.9",
        "@babel/preset-env": "^7.22.9",
        "@babel/preset-react": "^7.22.5",
        "@babel/preset-typescript": "^7.22.5",
        "@babel/runtime": "^7.22.6",
        "@babel/runtime-corejs3": "^7.22.6",
        "@babel/traverse": "^7.22.8",
        "@docusaurus/cssnano-preset": "3.5.2",
        "@docusaurus/logger": "3.5.2",
        "@docusaurus/mdx-loader": "3.5.2",
        "@docusaurus/utils": "3.5.2",
        "@docusaurus/utils-common": "3.5.2",
        "@docusaurus/utils-validation": "3.5.2",
        "autoprefixer": "^10.4.14",
        "babel-loader": "^9.1.3",
        "babel-plugin-dynamic-import-node": "^2.3.3",
        "boxen": "^6.2.1",
        "chalk": "^4.1.2",
        "chokidar": "^3.5.3",
        "clean-css": "^5.3.2",
        "cli-table3": "^0.6.3",
        "combine-promises": "^1.1.0",
        "commander": "^5.1.0",
        "copy-webpack-plugin": "^11.0.0",
        "core-js": "^3.31.1",
        "css-loader": "^6.8.1",
        "css-minimizer-webpack-plugin": "^5.0.1",
        "cssnano": "^6.1.2",
        "del": "^6.1.1",
        "detect-port": "^1.5.1",
        "escape-html": "^1.0.3",
        "eta": "^2.2.0",
        "eval": "^0.1.8",
        "file-loader": "^6.2.0",
        "fs-extra": "^11.1.1",
        "html-minifier-terser": "^7.2.0",
        "html-tags": "^3.3.1",
        "html-webpack-plugin": "^5.5.3",
        "leven": "^3.1.0",
        "lodash": "^4.17.21",
        "mini-css-extract-plugin": "^2.7.6",
        "p-map": "^4.0.0",
        "postcss": "^8.4.26",
        "postcss-loader": "^7.3.3",
        "prompts": "^2.4.2",
        "react-dev-utils": "^12.0.1",
        "react-helmet-async": "^1.3.0",
        "react-loadable": "npm:@docusaurus/react-loadable@6.0.0",
        "react-loadable-ssr-addon-v5-slorber": "^1.0.1",
        "react-router": "^5.3.4",
        "react-router-config": "^5.1.1",
        "react-router-dom": "^5.3.4",
        "rtl-detect": "^1.0.4",
        "semver": "^7.5.4",
        "serve-handler": "^6.1.5",
        "shelljs": "^0.8.5",
        "terser-webpack-plugin": "^5.3.9",
        "tslib": "^2.6.0",
        "update-notifier": "^6.0.2",
        "url-loader": "^4.1.1",
        "webpack": "^5.88.1",
        "webpack-bundle-analyzer": "^4.9.0",
        "webpack-dev-server": "^4.15.1",
        "webpack-merge": "^5.9.0",
        "webpackbar": "^5.0.2"
      },
      "bin": {
        "docusaurus": "bin/docusaurus.mjs"
      },
      "devDependencies": {
        "@docusaurus/module-type-aliases": "3.5.2",
        "@docusaurus/types": "3.5.2",
        "@total-typescript/shoehorn": "^0.1.2",
        "@types/detect-port": "^1.3.3",
        "@types/react-dom": "^18.2.7",
        "@types/react-router-config": "^5.0.7",
        "@types/rtl-detect": "^1.0.0",
        "@types/serve-handler": "^6.1.1",
        "@types/update-notifier": "^6.0.4",
        "@types/webpack-bundle-analyzer": "^4.6.0",
        "react-test-renderer": "^18.0.0",
        "tmp-promise": "^3.0.3",
        "tree-node-cli": "^1.6.0"
      },
      "engines": {
        "node": ">=18.0"
      },
      "peerDependencies": {
        "@mdx-js/react": "^3.0.0",
        "react": "^18.0.0",
        "react-dom": "^18.0.0"
      }
    },
    "../node_modules/.pnpm/@docusaurus+module-type-aliases@3.5.2_react-dom@18.3.1_react@18.3.1__react@18.3.1/node_modules/@docusaurus/module-type-aliases": {
      "version": "3.5.2",
      "dev": true,
      "license": "MIT",
      "dependencies": {
        "@docusaurus/types": "3.5.2",
        "@types/history": "^4.7.11",
        "@types/react": "*",
        "@types/react-router-config": "*",
        "@types/react-router-dom": "*",
        "react-helmet-async": "*",
        "react-loadable": "npm:@docusaurus/react-loadable@6.0.0"
      },
      "peerDependencies": {
        "react": "*",
        "react-dom": "*"
      }
    },
    "../node_modules/.pnpm/@docusaurus+preset-classic@3.5.2_@algolia+client-search@5.0.2_@mdx-js+react@3.0.1_@type_3c0cb2fc09a28d54830e81643fe236db/node_modules/@docusaurus/preset-classic": {
      "version": "3.5.2",
      "license": "MIT",
      "dependencies": {
        "@docusaurus/core": "3.5.2",
        "@docusaurus/plugin-content-blog": "3.5.2",
        "@docusaurus/plugin-content-docs": "3.5.2",
        "@docusaurus/plugin-content-pages": "3.5.2",
        "@docusaurus/plugin-debug": "3.5.2",
        "@docusaurus/plugin-google-analytics": "3.5.2",
        "@docusaurus/plugin-google-gtag": "3.5.2",
        "@docusaurus/plugin-google-tag-manager": "3.5.2",
        "@docusaurus/plugin-sitemap": "3.5.2",
        "@docusaurus/theme-classic": "3.5.2",
        "@docusaurus/theme-common": "3.5.2",
        "@docusaurus/theme-search-algolia": "3.5.2",
        "@docusaurus/types": "3.5.2"
      },
      "engines": {
        "node": ">=18.0"
      },
      "peerDependencies": {
        "react": "^18.0.0",
        "react-dom": "^18.0.0"
      }
    },
    "../node_modules/.pnpm/@docusaurus+theme-mermaid@3.5.2_@docusaurus+plugin-content-docs@3.5.2_@mdx-js+react@3.0_439a8441fb9f6f64abbddcc9aec72e79/node_modules/@docusaurus/theme-mermaid": {
      "version": "3.5.2",
      "license": "MIT",
      "dependencies": {
        "@docusaurus/core": "3.5.2",
        "@docusaurus/module-type-aliases": "3.5.2",
        "@docusaurus/theme-common": "3.5.2",
        "@docusaurus/types": "3.5.2",
        "@docusaurus/utils-validation": "3.5.2",
        "mermaid": "^10.4.0",
        "tslib": "^2.6.0"
      },
      "devDependencies": {
        "react-test-renderer": "^18.0.0"
      },
      "engines": {
        "node": ">=18.0"
      },
      "peerDependencies": {
        "react": "^18.0.0",
        "react-dom": "^18.0.0"
      }
    },
    "../node_modules/.pnpm/@docusaurus+tsconfig@3.5.2/node_modules/@docusaurus/tsconfig": {
      "version": "3.5.2",
      "dev": true,
      "license": "MIT"
    },
    "../node_modules/.pnpm/@docusaurus+types@3.5.2_react-dom@18.3.1_react@18.3.1__react@18.3.1/node_modules/@docusaurus/types": {
      "version": "3.5.2",
      "dev": true,
      "license": "MIT",
      "dependencies": {
        "@mdx-js/mdx": "^3.0.0",
        "@types/history": "^4.7.11",
        "@types/react": "*",
        "commander": "^5.1.0",
        "joi": "^17.9.2",
        "react-helmet-async": "^1.3.0",
        "utility-types": "^3.10.0",
        "webpack": "^5.88.1",
        "webpack-merge": "^5.9.0"
      },
      "peerDependencies": {
        "react": "^18.0.0",
        "react-dom": "^18.0.0"
      }
    },
    "../node_modules/.pnpm/@jup-ag+wallet-adapter@0.2.2_b4d01f58310e59e3b43c27a7c4f583fd/node_modules/@jup-ag/wallet-adapter": {
      "version": "0.2.2",
      "license": "MIT",
      "dependencies": {
        "@emotion/react": "^11.10.5",
        "@emotion/styled": "^11.10.5",
        "@solana-mobile/wallet-adapter-mobile": "^2.0.0",
        "@solana/wallet-adapter-base": "0.9.23",
        "@solana/wallet-adapter-react": "0.15.35",
        "react-use": ">=17.2.4"
      },
      "devDependencies": {
        "@babel/core": "^7.20.5",
        "@babel/preset-env": "^7.20.2",
        "@babel/preset-react": "^7.18.6",
        "@babel/preset-typescript": "^7.18.6",
        "@emotion/babel-preset-css-prop": "^11.10.0",
        "@rollup/plugin-babel": "^6.0.3",
        "@rollup/plugin-commonjs": "^25.0.3",
        "@rollup/plugin-node-resolve": "^15.1.0",
        "@solana/spl-token": "0.1.8",
        "@solana/spl-token-registry": "~0.2.1105",
        "@solana/wallet-adapter-wallets": "0.19.32",
        "@solana/web3.js": "^1.77.3",
        "@solflare-wallet/wallet-adapter": "~1.0.3",
        "@types/react": "^18.0.26",
        "@types/react-dom": "^18.0.9",
        "@types/react-syntax-highlighter": "^15.5.6",
        "@types/styled-components": "^5.1.26",
        "autoprefixer": "^10.4.13",
        "babel-loader": "^9.1.0",
        "babel-plugin-macros": "^3.1.0",
        "decimal.js": "^10.4.3",
        "lokijs": "1.5.12",
        "next": "^13.4.9",
        "postcss": "^8.4.20",
        "prettier": "^3.0.2",
        "react": "^18.2.0",
        "react-dom": "^18.2.0",
        "react-syntax-highlighter": "^15.5.0",
        "rollup": "^3.7.3",
        "rollup-plugin-node-externals": "^6.1.1",
        "sonner": "^0.4.0",
        "styled-components": "^5.3.6",
        "tailwindcss": "^3.2.4",
        "twin.macro": "^3.1.0",
        "typescript": "5.7.2"
      },
      "peerDependencies": {
        "@emotion/react": "^11.10.5",
        "@emotion/styled": "^11.10.5",
        "@jup-ag/jup-mobile-adapter": "*",
        "@reown/appkit": ">=1.6.0",
        "@reown/appkit-adapter-solana": ">=1.6.0",
        "@reown/appkit-wallet-button": ">=1.6.0",
        "@solana/spl-token": "*",
        "@solana/web3.js": ">=1.77.3",
        "decimal.js": ">=10.4.3",
        "react": ">=18",
        "styled-components": "*"
      }
    },
    "../node_modules/.pnpm/@mdx-js+react@3.0.1_@types+react@18.3.3_react@18.3.1/node_modules/@mdx-js/react": {
      "version": "3.0.1",
      "license": "MIT",
      "dependencies": {
        "@types/mdx": "^2.0.0"
      },
      "devDependencies": {},
      "funding": {
        "type": "opencollective",
        "url": "https://opencollective.com/unified"
      },
      "peerDependencies": {
        "@types/react": ">=16",
        "react": ">=16"
      }
    },
    "../node_modules/.pnpm/@solana+wallet-adapter-backpack@0.1.14_@solana+web3.js@1.98.0_bufferutil@4.0.8_utf-8-validate@5.0.10_/node_modules/@solana/wallet-adapter-backpack": {
      "version": "0.1.14",
      "license": "Apache-2.0",
      "dependencies": {
        "@solana/wallet-adapter-base": "^0.9.23"
      },
      "devDependencies": {
        "@solana/web3.js": "^1.77.3",
        "shx": "^0.3.4"
      },
      "engines": {
        "node": ">=16"
      },
      "peerDependencies": {
        "@solana/web3.js": "^1.77.3"
      }
    },
    "../node_modules/.pnpm/@solana+wallet-adapter-nightly@0.1.16_@solana+web3.js@1.98.0_bufferutil@4.0.8_utf-8-validate@5.0.10_/node_modules/@solana/wallet-adapter-nightly": {
      "version": "0.1.16",
      "license": "Apache-2.0",
      "dependencies": {
        "@solana/wallet-adapter-base": "^0.9.23"
      },
      "devDependencies": {
        "@solana/web3.js": "^1.77.3",
        "shx": "^0.3.4"
      },
      "engines": {
        "node": ">=16"
      },
      "peerDependencies": {
        "@solana/web3.js": "^1.77.3"
      }
    },
    "../node_modules/.pnpm/@solana+wallet-adapter-phantom@0.9.24_@solana+web3.js@1.98.0_bufferutil@4.0.8_utf-8-validate@5.0.10_/node_modules/@solana/wallet-adapter-phantom": {
      "version": "0.9.24",
      "license": "Apache-2.0",
      "dependencies": {
        "@solana/wallet-adapter-base": "^0.9.23"
      },
      "devDependencies": {
        "@solana/web3.js": "^1.77.3",
        "shx": "^0.3.4"
      },
      "engines": {
        "node": ">=16"
      },
      "peerDependencies": {
        "@solana/web3.js": "^1.77.3"
      }
    },
    "../node_modules/.pnpm/@solana+wallet-adapter-solflare@0.6.28_@solana+web3.js@1.98.0_bufferutil@4.0.8_utf-8-validate@5.0.10_/node_modules/@solana/wallet-adapter-solflare": {
      "version": "0.6.28",
      "license": "Apache-2.0",
      "dependencies": {
        "@solana/wallet-adapter-base": "^0.9.23",
        "@solana/wallet-standard-chains": "^1.1.0",
        "@solflare-wallet/metamask-sdk": "^1.0.2",
        "@solflare-wallet/sdk": "^1.3.0",
        "@wallet-standard/wallet": "^1.0.1"
      },
      "devDependencies": {
        "@solana/web3.js": "^1.77.3",
        "shx": "^0.3.4"
      },
      "engines": {
        "node": ">=16"
      },
      "peerDependencies": {
        "@solana/web3.js": "^1.77.3"
      }
    },
    "../node_modules/.pnpm/@solana+wallet-adapter-unsafe-burner@0.1.7_@solana+web3.js@1.98.0_bufferutil@4.0.8_utf-8-validate@5.0.10_/node_modules/@solana/wallet-adapter-unsafe-burner": {
      "version": "0.1.7",
      "license": "Apache-2.0",
      "dependencies": {
        "@noble/curves": "^1.1.0",
        "@solana/wallet-adapter-base": "^0.9.23",
        "@solana/wallet-standard-features": "^1.1.0",
        "@solana/wallet-standard-util": "^1.1.0"
      },
      "devDependencies": {
        "@solana/web3.js": "^1.77.3",
        "shx": "^0.3.4"
      },
      "engines": {
        "node": ">=16"
      },
      "peerDependencies": {
        "@solana/web3.js": "^1.77.3"
      }
    },
    "../node_modules/.pnpm/@solana+wallet-adapter-wallets@0.19.32_@babel+core@7.24.4_@babel+runtime@7.25.0_@react-_64f0d8a7aeeb85a3e49ef563d603e67a/node_modules/@solana/wallet-adapter-wallets": {
      "version": "0.19.32",
      "license": "Apache-2.0",
      "dependencies": {
        "@solana/wallet-adapter-alpha": "^0.1.10",
        "@solana/wallet-adapter-avana": "^0.1.13",
        "@solana/wallet-adapter-bitkeep": "^0.3.20",
        "@solana/wallet-adapter-bitpie": "^0.5.18",
        "@solana/wallet-adapter-clover": "^0.4.19",
        "@solana/wallet-adapter-coin98": "^0.5.20",
        "@solana/wallet-adapter-coinbase": "^0.1.19",
        "@solana/wallet-adapter-coinhub": "^0.3.18",
        "@solana/wallet-adapter-fractal": "^0.1.8",
        "@solana/wallet-adapter-huobi": "^0.1.15",
        "@solana/wallet-adapter-hyperpay": "^0.1.14",
        "@solana/wallet-adapter-keystone": "^0.1.15",
        "@solana/wallet-adapter-krystal": "^0.1.12",
        "@solana/wallet-adapter-ledger": "^0.9.25",
        "@solana/wallet-adapter-mathwallet": "^0.9.18",
        "@solana/wallet-adapter-neko": "^0.2.12",
        "@solana/wallet-adapter-nightly": "^0.1.16",
        "@solana/wallet-adapter-nufi": "^0.1.17",
        "@solana/wallet-adapter-onto": "^0.1.7",
        "@solana/wallet-adapter-particle": "^0.1.12",
        "@solana/wallet-adapter-phantom": "^0.9.24",
        "@solana/wallet-adapter-safepal": "^0.5.18",
        "@solana/wallet-adapter-saifu": "^0.1.15",
        "@solana/wallet-adapter-salmon": "^0.1.14",
        "@solana/wallet-adapter-sky": "^0.1.15",
        "@solana/wallet-adapter-solflare": "^0.6.28",
        "@solana/wallet-adapter-solong": "^0.9.18",
        "@solana/wallet-adapter-spot": "^0.1.15",
        "@solana/wallet-adapter-tokenary": "^0.1.12",
        "@solana/wallet-adapter-tokenpocket": "^0.4.19",
        "@solana/wallet-adapter-torus": "^0.11.28",
        "@solana/wallet-adapter-trezor": "^0.1.2",
        "@solana/wallet-adapter-trust": "^0.1.13",
        "@solana/wallet-adapter-unsafe-burner": "^0.1.7",
        "@solana/wallet-adapter-walletconnect": "^0.1.16",
        "@solana/wallet-adapter-xdefi": "^0.1.7"
      },
      "devDependencies": {
        "@solana/web3.js": "^1.77.3",
        "shx": "^0.3.4"
      },
      "engines": {
        "node": ">=16"
      },
      "peerDependencies": {
        "@solana/web3.js": "^1.77.3"
      }
    },
    "../node_modules/.pnpm/@solana+web3.js@1.98.0_bufferutil@4.0.8_utf-8-validate@5.0.10/node_modules/@solana/web3.js": {
      "version": "1.98.0",
      "license": "MIT",
      "dependencies": {
        "@babel/runtime": "^7.25.0",
        "@noble/curves": "^1.4.2",
        "@noble/hashes": "^1.4.0",
        "@solana/buffer-layout": "^4.0.1",
        "agentkeepalive": "^4.5.0",
        "bigint-buffer": "^1.1.5",
        "bn.js": "^5.2.1",
        "borsh": "^0.7.0",
        "bs58": "^4.0.1",
        "buffer": "6.0.3",
        "fast-stable-stringify": "^1.0.0",
        "jayson": "^4.1.1",
        "node-fetch": "^2.7.0",
        "rpc-websockets": "^9.0.2",
        "superstruct": "^2.0.2"
      }
    },
    "../node_modules/.pnpm/bs58@6.0.0/node_modules/bs58": {
      "version": "6.0.0",
      "license": "MIT",
      "dependencies": {
        "base-x": "^5.0.0"
      },
      "devDependencies": {
        "@types/node": "^20.14.8",
        "rimraf": "^5.0.7",
        "tape": "^5.3.0",
        "ts-standard": "^12.0.2",
        "typescript": "^5.5.2"
      }
    },
    "../node_modules/.pnpm/clsx@2.1.1/node_modules/clsx": {
      "version": "2.1.1",
      "license": "MIT",
      "devDependencies": {
        "esm": "3.2.25",
        "terser": "4.8.0",
        "uvu": "0.5.4"
      },
      "engines": {
        "node": ">=6"
      }
    },
    "../node_modules/.pnpm/gsap@3.12.5/node_modules/gsap": {
      "version": "3.12.5",
      "license": "Standard 'no charge' license: https://gsap.com/standard-license. Club GSAP members get more: https://gsap.com/licensing/. Why GreenSock doesn't employ an MIT license: https://gsap.com/why-license/"
    },
    "../node_modules/.pnpm/prism-react-renderer@2.3.1_react@18.3.1/node_modules/prism-react-renderer": {
      "version": "2.3.1",
      "license": "MIT",
      "dependencies": {
        "@types/prismjs": "^1.26.0",
        "clsx": "^2.0.0"
      },
      "devDependencies": {
        "@babel/core": "*",
        "@rollup/plugin-babel": "^6.0.3",
        "@rollup/plugin-buble": "^0.21.3",
        "@rollup/plugin-commonjs": "^19.0.2",
        "@rollup/plugin-json": "^6.0.0",
        "@rollup/plugin-node-resolve": "^11.2.0",
        "@rollup/plugin-typescript": "^11.1.0",
        "@testing-library/react": "^14.0.0",
        "@types/jest": "^29.5.0",
        "@types/node": "^18.15.11",
        "@vitejs/plugin-react": "^3.1.0",
        "babel-plugin-codegen": "^4.1.5",
        "happy-dom": "^9.7.1",
        "prismjs": "*",
        "react": "*",
        "react-dom": "*",
        "rollup": "^2.39.0",
        "ts-node": "^10.9.1",
        "tslib": "^2.5.0",
        "tsup": "^6.7.0",
        "typescript": "*",
        "vite": "^4.2.0",
        "vitest": "^0.30.1"
      },
      "peerDependencies": {
        "react": ">=16.0.0"
      }
    },
    "../node_modules/.pnpm/react-dom@18.3.1_react@18.3.1/node_modules/react-dom": {
      "version": "18.3.1",
      "license": "MIT",
      "dependencies": {
        "loose-envify": "^1.1.0",
        "scheduler": "^0.23.2"
      },
      "peerDependencies": {
        "react": "^18.3.1"
      }
    },
    "../node_modules/.pnpm/react@18.3.1/node_modules/react": {
      "version": "18.3.1",
      "license": "MIT",
      "dependencies": {
        "loose-envify": "^1.1.0"
      },
      "engines": {
        "node": ">=0.10.0"
      }
    },
    "../node_modules/.pnpm/typescript@5.5.4/node_modules/typescript": {
      "version": "5.5.4",
      "dev": true,
      "license": "Apache-2.0",
      "bin": {
        "tsc": "bin/tsc",
        "tsserver": "bin/tsserver"
      },
      "devDependencies": {
        "@dprint/formatter": "^0.3.0",
        "@dprint/typescript": "0.91.0",
        "@esfx/canceltoken": "^1.0.0",
        "@octokit/rest": "^20.1.1",
        "@types/chai": "^4.3.16",
        "@types/microsoft__typescript-etw": "^0.1.3",
        "@types/minimist": "^1.2.5",
        "@types/mocha": "^10.0.6",
        "@types/ms": "^0.7.34",
        "@types/node": "latest",
        "@types/source-map-support": "^0.5.10",
        "@types/which": "^3.0.3",
        "@typescript-eslint/eslint-plugin": "^7.11.0",
        "@typescript-eslint/parser": "^7.11.0",
        "@typescript-eslint/utils": "^7.11.0",
        "azure-devops-node-api": "^13.0.0",
        "c8": "^9.1.0",
        "chai": "^4.4.1",
        "chalk": "^4.1.2",
        "chokidar": "^3.6.0",
        "diff": "^5.2.0",
        "dprint": "^0.46.1",
        "esbuild": "^0.21.4",
        "eslint": "^8.57.0",
        "eslint-formatter-autolinkable-stylish": "^1.3.0",
        "eslint-plugin-local": "^4.2.2",
        "fast-xml-parser": "^4.4.0",
        "glob": "^10.4.1",
        "hereby": "^1.8.9",
        "jsonc-parser": "^3.2.1",
        "minimist": "^1.2.8",
        "mocha": "^10.4.0",
        "mocha-fivemat-progress-reporter": "^0.1.0",
        "ms": "^2.1.3",
        "node-fetch": "^3.3.2",
        "playwright": "^1.44.1",
        "source-map-support": "^0.5.21",
        "tslib": "^2.6.2",
        "typescript": "^5.4.5",
        "which": "^3.0.1"
      },
      "engines": {
        "node": ">=14.17"
      }
    },
    "node_modules/@babel/plugin-syntax-bigint": {
      "resolved": "../node_modules/.pnpm/@babel+plugin-syntax-bigint@7.8.3_@babel+core@7.24.4/node_modules/@babel/plugin-syntax-bigint",
      "link": true
    },
    "node_modules/@docusaurus/core": {
      "resolved": "../node_modules/.pnpm/@docusaurus+core@3.5.2_@docusaurus+types@3.5.2_react-dom@18.3.1_react@18.3.1__react@18._53c8af614937bdd08f4436ae3ed25ac6/node_modules/@docusaurus/core",
      "link": true
    },
    "node_modules/@docusaurus/module-type-aliases": {
      "resolved": "../node_modules/.pnpm/@docusaurus+module-type-aliases@3.5.2_react-dom@18.3.1_react@18.3.1__react@18.3.1/node_modules/@docusaurus/module-type-aliases",
      "link": true
    },
    "node_modules/@docusaurus/preset-classic": {
      "resolved": "../node_modules/.pnpm/@docusaurus+preset-classic@3.5.2_@algolia+client-search@5.0.2_@mdx-js+react@3.0.1_@type_3c0cb2fc09a28d54830e81643fe236db/node_modules/@docusaurus/preset-classic",
      "link": true
    },
    "node_modules/@docusaurus/theme-mermaid": {
      "resolved": "../node_modules/.pnpm/@docusaurus+theme-mermaid@3.5.2_@docusaurus+plugin-content-docs@3.5.2_@mdx-js+react@3.0_439a8441fb9f6f64abbddcc9aec72e79/node_modules/@docusaurus/theme-mermaid",
      "link": true
    },
    "node_modules/@docusaurus/tsconfig": {
      "resolved": "../node_modules/.pnpm/@docusaurus+tsconfig@3.5.2/node_modules/@docusaurus/tsconfig",
      "link": true
    },
    "node_modules/@docusaurus/types": {
      "resolved": "../node_modules/.pnpm/@docusaurus+types@3.5.2_react-dom@18.3.1_react@18.3.1__react@18.3.1/node_modules/@docusaurus/types",
      "link": true
    },
    "node_modules/@jup-ag/wallet-adapter": {
      "resolved": "../node_modules/.pnpm/@jup-ag+wallet-adapter@0.2.2_b4d01f58310e59e3b43c27a7c4f583fd/node_modules/@jup-ag/wallet-adapter",
      "link": true
    },
    "node_modules/@mdx-js/react": {
      "resolved": "../node_modules/.pnpm/@mdx-js+react@3.0.1_@types+react@18.3.3_react@18.3.1/node_modules/@mdx-js/react",
      "link": true
    },
    "node_modules/@solana/wallet-adapter-backpack": {
      "resolved": "../node_modules/.pnpm/@solana+wallet-adapter-backpack@0.1.14_@solana+web3.js@1.98.0_bufferutil@4.0.8_utf-8-validate@5.0.10_/node_modules/@solana/wallet-adapter-backpack",
      "link": true
    },
    "node_modules/@solana/wallet-adapter-nightly": {
      "resolved": "../node_modules/.pnpm/@solana+wallet-adapter-nightly@0.1.16_@solana+web3.js@1.98.0_bufferutil@4.0.8_utf-8-validate@5.0.10_/node_modules/@solana/wallet-adapter-nightly",
      "link": true
    },
    "node_modules/@solana/wallet-adapter-phantom": {
      "resolved": "../node_modules/.pnpm/@solana+wallet-adapter-phantom@0.9.24_@solana+web3.js@1.98.0_bufferutil@4.0.8_utf-8-validate@5.0.10_/node_modules/@solana/wallet-adapter-phantom",
      "link": true
    },
    "node_modules/@solana/wallet-adapter-solflare": {
      "resolved": "../node_modules/.pnpm/@solana+wallet-adapter-solflare@0.6.28_@solana+web3.js@1.98.0_bufferutil@4.0.8_utf-8-validate@5.0.10_/node_modules/@solana/wallet-adapter-solflare",
      "link": true
    },
    "node_modules/@solana/wallet-adapter-unsafe-burner": {
      "resolved": "../node_modules/.pnpm/@solana+wallet-adapter-unsafe-burner@0.1.7_@solana+web3.js@1.98.0_bufferutil@4.0.8_utf-8-validate@5.0.10_/node_modules/@solana/wallet-adapter-unsafe-burner",
      "link": true
    },
    "node_modules/@solana/wallet-adapter-wallets": {
      "resolved": "../node_modules/.pnpm/@solana+wallet-adapter-wallets@0.19.32_@babel+core@7.24.4_@babel+runtime@7.25.0_@react-_64f0d8a7aeeb85a3e49ef563d603e67a/node_modules/@solana/wallet-adapter-wallets",
      "link": true
    },
    "node_modules/@solana/web3.js": {
      "resolved": "../node_modules/.pnpm/@solana+web3.js@1.98.0_bufferutil@4.0.8_utf-8-validate@5.0.10/node_modules/@solana/web3.js",
      "link": true
    },
    "node_modules/bs58": {
      "resolved": "../node_modules/.pnpm/bs58@6.0.0/node_modules/bs58",
      "link": true
    },
    "node_modules/clsx": {
      "resolved": "../node_modules/.pnpm/clsx@2.1.1/node_modules/clsx",
      "link": true
    },
    "node_modules/gsap": {
      "resolved": "../node_modules/.pnpm/gsap@3.12.5/node_modules/gsap",
      "link": true
    },
    "node_modules/prism-react-renderer": {
      "resolved": "../node_modules/.pnpm/prism-react-renderer@2.3.1_react@18.3.1/node_modules/prism-react-renderer",
      "link": true
    },
    "node_modules/react": {
      "resolved": "../node_modules/.pnpm/react@18.3.1/node_modules/react",
      "link": true
    },
    "node_modules/react-dom": {
      "resolved": "../node_modules/.pnpm/react-dom@18.3.1_react@18.3.1/node_modules/react-dom",
      "link": true
    },
    "node_modules/typescript": {
      "resolved": "../node_modules/.pnpm/typescript@5.5.4/node_modules/typescript",
      "link": true
    }
  }
}
